
Microsoft Visual Studio Solution File, Format Version 12.00
# Visual Studio Version 16
VisualStudioVersion = 16.0.30711.63
MinimumVisualStudioVersion = 10.0.40219.1
Project("{FAE04EC0-301F-11D3-BF4B-00C04F79EFBC}") = "Week _1_Challenge", "Week 1_Challenge\Week _1_Challenge.csproj", "{D3FE9245-AEA3-42A6-A0F3-2DAF988E46C3}"
EndProject
Global
	GlobalSection(SolutionConfigurationPlatforms) = preSolution
		Debug|Any CPU = Debug|Any CPU
		Release|Any CPU = Release|Any CPU
	EndGlobalSection
	GlobalSection(ProjectConfigurationPlatforms) = postSolution
		{D3FE9245-AEA3-42A6-A0F3-2DAF988E46C3}.Debug|Any CPU.ActiveCfg = Debug|Any CPU
		{D3FE9245-AEA3-42A6-A0F3-2DAF988E46C3}.Debug|Any CPU.Build.0 = Debug|Any CPU
		{D3FE9245-AEA3-42A6-A0F3-2DAF988E46C3}.Release|Any CPU.ActiveCfg = Release|Any CPU
		{D3FE9245-AEA3-42A6-A0F3-2DAF988E46C3}.Release|Any CPU.Build.0 = Release|Any CPU
	EndGlobalSection
	GlobalSection(SolutionProperties) = preSolution
		HideSolutionNode = FALSE
	EndGlobalSection
	GlobalSection(ExtensibilityGlobals) = postSolution
		SolutionGuid = {74CF14D3-8AE4-4E15-A294-15F3C85180D1}
	EndGlobalSection
EndGlobal
